
Microsoft Visual Studio Solution File, Format Version 12.00
# Visual Studio Version 17
VisualStudioVersion = 17.5.33530.505
MinimumVisualStudioVersion = 10.0.40219.1
Project("{54A90642-561A-4BB1-A94E-469ADEE60C69}") = "MoviesFrontend", "reactapp\MoviesFrontend.esproj", "{BB61877C-A236-4D8F-8D51-E8E63B4D88AA}"
EndProject
Project("{9A19103F-16F7-4668-BE54-9A1E7A4F7556}") = "MoviesApi", "webapi\MoviesApi.csproj", "{0626E09E-0162-4FCC-AABB-9AB2DC88D1A9}"
EndProject
Global
	GlobalSection(SolutionConfigurationPlatforms) = preSolution
		Debug|Any CPU = Debug|Any CPU
		Release|Any CPU = Release|Any CPU
	EndGlobalSection
	GlobalSection(ProjectConfigurationPlatforms) = postSolution
		{BB61877C-A236-4D8F-8D51-E8E63B4D88AA}.Debug|Any CPU.ActiveCfg = Debug|Any CPU
		{BB61877C-A236-4D8F-8D51-E8E63B4D88AA}.Debug|Any CPU.Build.0 = Debug|Any CPU
		{BB61877C-A236-4D8F-8D51-E8E63B4D88AA}.Debug|Any CPU.Deploy.0 = Debug|Any CPU
		{BB61877C-A236-4D8F-8D51-E8E63B4D88AA}.Release|Any CPU.ActiveCfg = Release|Any CPU
		{BB61877C-A236-4D8F-8D51-E8E63B4D88AA}.Release|Any CPU.Build.0 = Release|Any CPU
		{BB61877C-A236-4D8F-8D51-E8E63B4D88AA}.Release|Any CPU.Deploy.0 = Release|Any CPU
		{0626E09E-0162-4FCC-AABB-9AB2DC88D1A9}.Debug|Any CPU.ActiveCfg = Debug|Any CPU
		{0626E09E-0162-4FCC-AABB-9AB2DC88D1A9}.Debug|Any CPU.Build.0 = Debug|Any CPU
		{0626E09E-0162-4FCC-AABB-9AB2DC88D1A9}.Release|Any CPU.ActiveCfg = Release|Any CPU
		{0626E09E-0162-4FCC-AABB-9AB2DC88D1A9}.Release|Any CPU.Build.0 = Release|Any CPU
	EndGlobalSection
	GlobalSection(SolutionProperties) = preSolution
		HideSolutionNode = FALSE
	EndGlobalSection
	GlobalSection(ExtensibilityGlobals) = postSolution
		SolutionGuid = {540CCD06-63AC-4045-BB91-89E452A33D74}
	EndGlobalSection
EndGlobal
