
Microsoft Visual Studio Solution File, Format Version 12.00
# Visual Studio Version 17
VisualStudioVersion = 17.5.33530.505
MinimumVisualStudioVersion = 10.0.40219.1
Project("{9A19103F-16F7-4668-BE54-9A1E7A4F7556}") = "Movies.CrossCutting", "Movies.CrossCutting\Movies.CrossCutting.csproj", "{CEE1EAE2-A7C3-41B4-AB6F-3CCDD055422D}"
EndProject
Project("{9A19103F-16F7-4668-BE54-9A1E7A4F7556}") = "Movies.Application", "Movies.Application\Movies.Application.csproj", "{3BAFB7F6-F0D9-4B9E-A9D3-DA4EE1C0C350}"
EndProject
Project("{9A19103F-16F7-4668-BE54-9A1E7A4F7556}") = "Movies.Domain", "Movies.Domain\Movies.Domain.csproj", "{92672934-B20B-4329-8356-8890AB1B2F69}"
EndProject
Project("{9A19103F-16F7-4668-BE54-9A1E7A4F7556}") = "Movies.Extensions", "Movies.Extensions\Movies.Extensions.csproj", "{A3BC9B4B-34CB-411C-A484-E2A1A6318598}"
EndProject
Project("{9A19103F-16F7-4668-BE54-9A1E7A4F7556}") = "Movies.Infrastructure", "Movies.Infrastructure\Movies.Infrastructure.csproj", "{1B0601EB-8DE6-49DA-8174-BE55847F60A4}"
EndProject
Project("{9A19103F-16F7-4668-BE54-9A1E7A4F7556}") = "Movies.Unit.Tests", "Movies.Unit.Tests\Movies.Unit.Tests.csproj", "{8F8E5A66-E717-4BD6-9933-6E2F917A7D81}"
EndProject
Project("{9A19103F-16F7-4668-BE54-9A1E7A4F7556}") = "Movies.API", "Movies.API\Movies.API.csproj", "{BE9FEB16-B886-4F95-8B21-10669A51AD78}"
EndProject
Project("{54A90642-561A-4BB1-A94E-469ADEE60C69}") = "moviesfrontend", "MoviesFrontend\moviesfrontend.esproj", "{31F156F4-831B-4B54-9FF8-D5CD1E55AB3C}"
EndProject
Global
	GlobalSection(SolutionConfigurationPlatforms) = preSolution
		Debug|Any CPU = Debug|Any CPU
		Release|Any CPU = Release|Any CPU
	EndGlobalSection
	GlobalSection(ProjectConfigurationPlatforms) = postSolution
		{CEE1EAE2-A7C3-41B4-AB6F-3CCDD055422D}.Debug|Any CPU.ActiveCfg = Debug|Any CPU
		{CEE1EAE2-A7C3-41B4-AB6F-3CCDD055422D}.Debug|Any CPU.Build.0 = Debug|Any CPU
		{CEE1EAE2-A7C3-41B4-AB6F-3CCDD055422D}.Release|Any CPU.ActiveCfg = Release|Any CPU
		{CEE1EAE2-A7C3-41B4-AB6F-3CCDD055422D}.Release|Any CPU.Build.0 = Release|Any CPU
		{3BAFB7F6-F0D9-4B9E-A9D3-DA4EE1C0C350}.Debug|Any CPU.ActiveCfg = Debug|Any CPU
		{3BAFB7F6-F0D9-4B9E-A9D3-DA4EE1C0C350}.Debug|Any CPU.Build.0 = Debug|Any CPU
		{3BAFB7F6-F0D9-4B9E-A9D3-DA4EE1C0C350}.Release|Any CPU.ActiveCfg = Release|Any CPU
		{3BAFB7F6-F0D9-4B9E-A9D3-DA4EE1C0C350}.Release|Any CPU.Build.0 = Release|Any CPU
		{92672934-B20B-4329-8356-8890AB1B2F69}.Debug|Any CPU.ActiveCfg = Debug|Any CPU
		{92672934-B20B-4329-8356-8890AB1B2F69}.Debug|Any CPU.Build.0 = Debug|Any CPU
		{92672934-B20B-4329-8356-8890AB1B2F69}.Release|Any CPU.ActiveCfg = Release|Any CPU
		{92672934-B20B-4329-8356-8890AB1B2F69}.Release|Any CPU.Build.0 = Release|Any CPU
		{A3BC9B4B-34CB-411C-A484-E2A1A6318598}.Debug|Any CPU.ActiveCfg = Debug|Any CPU
		{A3BC9B4B-34CB-411C-A484-E2A1A6318598}.Debug|Any CPU.Build.0 = Debug|Any CPU
		{A3BC9B4B-34CB-411C-A484-E2A1A6318598}.Release|Any CPU.ActiveCfg = Release|Any CPU
		{A3BC9B4B-34CB-411C-A484-E2A1A6318598}.Release|Any CPU.Build.0 = Release|Any CPU
		{1B0601EB-8DE6-49DA-8174-BE55847F60A4}.Debug|Any CPU.ActiveCfg = Debug|Any CPU
		{1B0601EB-8DE6-49DA-8174-BE55847F60A4}.Debug|Any CPU.Build.0 = Debug|Any CPU
		{1B0601EB-8DE6-49DA-8174-BE55847F60A4}.Release|Any CPU.ActiveCfg = Release|Any CPU
		{1B0601EB-8DE6-49DA-8174-BE55847F60A4}.Release|Any CPU.Build.0 = Release|Any CPU
		{8F8E5A66-E717-4BD6-9933-6E2F917A7D81}.Debug|Any CPU.ActiveCfg = Debug|Any CPU
		{8F8E5A66-E717-4BD6-9933-6E2F917A7D81}.Debug|Any CPU.Build.0 = Debug|Any CPU
		{8F8E5A66-E717-4BD6-9933-6E2F917A7D81}.Release|Any CPU.ActiveCfg = Release|Any CPU
		{8F8E5A66-E717-4BD6-9933-6E2F917A7D81}.Release|Any CPU.Build.0 = Release|Any CPU
		{BE9FEB16-B886-4F95-8B21-10669A51AD78}.Debug|Any CPU.ActiveCfg = Debug|Any CPU
		{BE9FEB16-B886-4F95-8B21-10669A51AD78}.Debug|Any CPU.Build.0 = Debug|Any CPU
		{BE9FEB16-B886-4F95-8B21-10669A51AD78}.Release|Any CPU.ActiveCfg = Release|Any CPU
		{BE9FEB16-B886-4F95-8B21-10669A51AD78}.Release|Any CPU.Build.0 = Release|Any CPU
		{31F156F4-831B-4B54-9FF8-D5CD1E55AB3C}.Debug|Any CPU.ActiveCfg = Debug|Any CPU
		{31F156F4-831B-4B54-9FF8-D5CD1E55AB3C}.Debug|Any CPU.Build.0 = Debug|Any CPU
		{31F156F4-831B-4B54-9FF8-D5CD1E55AB3C}.Debug|Any CPU.Deploy.0 = Debug|Any CPU
		{31F156F4-831B-4B54-9FF8-D5CD1E55AB3C}.Release|Any CPU.ActiveCfg = Release|Any CPU
		{31F156F4-831B-4B54-9FF8-D5CD1E55AB3C}.Release|Any CPU.Build.0 = Release|Any CPU
		{31F156F4-831B-4B54-9FF8-D5CD1E55AB3C}.Release|Any CPU.Deploy.0 = Release|Any CPU
	EndGlobalSection
	GlobalSection(SolutionProperties) = preSolution
		HideSolutionNode = FALSE
	EndGlobalSection
	GlobalSection(ExtensibilityGlobals) = postSolution
		SolutionGuid = {540CCD06-63AC-4045-BB91-89E452A33D74}
	EndGlobalSection
EndGlobal
